// !$*UTF8*$!
{
	archiveVersion = 1;
	classes = {
	};
	objectVersion = 46;
	objects = {

/* Begin PBXBuildFile section */
		A08DB1E0188A93AF005539B9 /* Foundation.framework in Frameworks */ = {isa = PBXBuildFile; fileRef = A08DB1DF188A93AF005539B9 /* Foundation.framework */; };
		A08DB1E2188A93AF005539B9 /* CoreGraphics.framework in Frameworks */ = {isa = PBXBuildFile; fileRef = A08DB1E1188A93AF005539B9 /* CoreGraphics.framework */; };
		A08DB1E4188A93AF005539B9 /* UIKit.framework in Frameworks */ = {isa = PBXBuildFile; fileRef = A08DB1E3188A93AF005539B9 /* UIKit.framework */; };
		A08DB1EA188A93AF005539B9 /* InfoPlist.strings in Resources */ = {isa = PBXBuildFile; fileRef = A08DB1E8188A93AF005539B9 /* InfoPlist.strings */; };
		A08DB1EC188A93AF005539B9 /* main.m in Sources */ = {isa = PBXBuildFile; fileRef = A08DB1EB188A93AF005539B9 /* main.m */; };
		A08DB1F0188A93AF005539B9 /* IOSAppDelegate.m in Sources */ = {isa = PBXBuildFile; fileRef = A08DB1EF188A93AF005539B9 /* IOSAppDelegate.m */; };
		A08DB1F3188A93AF005539B9 /* Main_iPhone.storyboard in Resources */ = {isa = PBXBuildFile; fileRef = A08DB1F1188A93AF005539B9 /* Main_iPhone.storyboard */; };
		A08DB1F6188A93AF005539B9 /* Main_iPad.storyboard in Resources */ = {isa = PBXBuildFile; fileRef = A08DB1F4188A93AF005539B9 /* Main_iPad.storyboard */; };
		A08DB1F9188A93AF005539B9 /* IOSViewController.m in Sources */ = {isa = PBXBuildFile; fileRef = A08DB1F8188A93AF005539B9 /* IOSViewController.m */; };
		A08DB1FB188A93AF005539B9 /* Images.xcassets in Resources */ = {isa = PBXBuildFile; fileRef = A08DB1FA188A93AF005539B9 /* Images.xcassets */; };
		A08DB202188A93AF005539B9 /* XCTest.framework in Frameworks */ = {isa = PBXBuildFile; fileRef = A08DB201188A93AF005539B9 /* XCTest.framework */; };
		A08DB203188A93AF005539B9 /* Foundation.framework in Frameworks */ = {isa = PBXBuildFile; fileRef = A08DB1DF188A93AF005539B9 /* Foundation.framework */; };
		A08DB204188A93AF005539B9 /* UIKit.framework in Frameworks */ = {isa = PBXBuildFile; fileRef = A08DB1E3188A93AF005539B9 /* UIKit.framework */; };
		A08DB20C188A93AF005539B9 /* InfoPlist.strings in Resources */ = {isa = PBXBuildFile; fileRef = A08DB20A188A93AF005539B9 /* InfoPlist.strings */; };
		A08DB20E188A93AF005539B9 /* iOSSampleAppTests.m in Sources */ = {isa = PBXBuildFile; fileRef = A08DB20D188A93AF005539B9 /* iOSSampleAppTests.m */; };
/* End PBXBuildFile section */

/* Begin PBXContainerItemProxy section */
		A08DB205188A93AF005539B9 /* PBXContainerItemProxy */ = {
			isa = PBXContainerItemProxy;
			containerPortal = A08DB1D4188A93AF005539B9 /* Project object */;
			proxyType = 1;
			remoteGlobalIDString = A08DB1DB188A93AF005539B9;
			remoteInfo = iOSSampleApp;
		};
/* End PBXContainerItemProxy section */

/* Begin PBXFileReference section */
		A08DB1DC188A93AF005539B9 /* iOSSampleApp.app */ = {isa = PBXFileReference; explicitFileType = wrapper.application; includeInIndex = 0; path = iOSSampleApp.app; sourceTree = BUILT_PRODUCTS_DIR; };
		A08DB1DF188A93AF005539B9 /* Foundation.framework */ = {isa = PBXFileReference; lastKnownFileType = wrapper.framework; name = Foundation.framework; path = System/Library/Frameworks/Foundation.framework; sourceTree = SDKROOT; };
		A08DB1E1188A93AF005539B9 /* CoreGraphics.framework */ = {isa = PBXFileReference; lastKnownFileType = wrapper.framework; name = CoreGraphics.framework; path = System/Library/Frameworks/CoreGraphics.framework; sourceTree = SDKROOT; };
		A08DB1E3188A93AF005539B9 /* UIKit.framework */ = {isa = PBXFileReference; lastKnownFileType = wrapper.framework; name = UIKit.framework; path = System/Library/Frameworks/UIKit.framework; sourceTree = SDKROOT; };
		A08DB1E7188A93AF005539B9 /* iOSSampleApp-Info.plist */ = {isa = PBXFileReference; lastKnownFileType = text.plist.xml; path = "iOSSampleApp-Info.plist"; sourceTree = "<group>"; };
		A08DB1E9188A93AF005539B9 /* en */ = {isa = PBXFileReference; lastKnownFileType = text.plist.strings; name = en; path = en.lproj/InfoPlist.strings; sourceTree = "<group>"; };
		A08DB1EB188A93AF005539B9 /* main.m */ = {isa = PBXFileReference; lastKnownFileType = sourcecode.c.objc; path = main.m; sourceTree = "<group>"; };
		A08DB1ED188A93AF005539B9 /* iOSSampleApp-Prefix.pch */ = {isa = PBXFileReference; lastKnownFileType = sourcecode.c.h; path = "iOSSampleApp-Prefix.pch"; sourceTree = "<group>"; };
		A08DB1EE188A93AF005539B9 /* IOSAppDelegate.h */ = {isa = PBXFileReference; lastKnownFileType = sourcecode.c.h; path = IOSAppDelegate.h; sourceTree = "<group>"; };
		A08DB1EF188A93AF005539B9 /* IOSAppDelegate.m */ = {isa = PBXFileReference; lastKnownFileType = sourcecode.c.objc; path = IOSAppDelegate.m; sourceTree = "<group>"; };
		A08DB1F2188A93AF005539B9 /* Base */ = {isa = PBXFileReference; lastKnownFileType = file.storyboard; name = Base; path = Base.lproj/Main_iPhone.storyboard; sourceTree = "<group>"; };
		A08DB1F5188A93AF005539B9 /* Base */ = {isa = PBXFileReference; lastKnownFileType = file.storyboard; name = Base; path = Base.lproj/Main_iPad.storyboard; sourceTree = "<group>"; };
		A08DB1F7188A93AF005539B9 /* IOSViewController.h */ = {isa = PBXFileReference; lastKnownFileType = sourcecode.c.h; path = IOSViewController.h; sourceTree = "<group>"; };
		A08DB1F8188A93AF005539B9 /* IOSViewController.m */ = {isa = PBXFileReference; lastKnownFileType = sourcecode.c.objc; path = IOSViewController.m; sourceTree = "<group>"; };
		A08DB1FA188A93AF005539B9 /* Images.xcassets */ = {isa = PBXFileReference; lastKnownFileType = folder.assetcatalog; path = Images.xcassets; sourceTree = "<group>"; };
		A08DB200188A93AF005539B9 /* iOSSampleAppTests.xctest */ = {isa = PBXFileReference; explicitFileType = wrapper.cfbundle; includeInIndex = 0; path = iOSSampleAppTests.xctest; sourceTree = BUILT_PRODUCTS_DIR; };
		A08DB201188A93AF005539B9 /* XCTest.framework */ = {isa = PBXFileReference; lastKnownFileType = wrapper.framework; name = XCTest.framework; path = Library/Frameworks/XCTest.framework; sourceTree = DEVELOPER_DIR; };
		A08DB209188A93AF005539B9 /* iOSSampleAppTests-Info.plist */ = {isa = PBXFileReference; lastKnownFileType = text.plist.xml; path = "iOSSampleAppTests-Info.plist"; sourceTree = "<group>"; };
		A08DB20B188A93AF005539B9 /* en */ = {isa = PBXFileReference; lastKnownFileType = text.plist.strings; name = en; path = en.lproj/InfoPlist.strings; sourceTree = "<group>"; };
		A08DB20D188A93AF005539B9 /* iOSSampleAppTests.m */ = {isa = PBXFileReference; lastKnownFileType = sourcecode.c.objc; path = iOSSampleAppTests.m; sourceTree = "<group>"; };
/* End PBXFileReference section */

/* Begin PBXFrameworksBuildPhase section */
		A08DB1D9188A93AF005539B9 /* Frameworks */ = {
			isa = PBXFrameworksBuildPhase;
			buildActionMask = 2147483647;
			files = (
				A08DB1E2188A93AF005539B9 /* CoreGraphics.framework in Frameworks */,
				A08DB1E4188A93AF005539B9 /* UIKit.framework in Frameworks */,
				A08DB1E0188A93AF005539B9 /* Foundation.framework in Frameworks */,
			);
			runOnlyForDeploymentPostprocessing = 0;
		};
		A08DB1FD188A93AF005539B9 /* Frameworks */ = {
			isa = PBXFrameworksBuildPhase;
			buildActionMask = 2147483647;
			files = (
				A08DB202188A93AF005539B9 /* XCTest.framework in Frameworks */,
				A08DB204188A93AF005539B9 /* UIKit.framework in Frameworks */,
				A08DB203188A93AF005539B9 /* Foundation.framework in Frameworks */,
			);
			runOnlyForDeploymentPostprocessing = 0;
		};
/* End PBXFrameworksBuildPhase section */

/* Begin PBXGroup section */
		A08DB1D3188A93AF005539B9 = {
			isa = PBXGroup;
			children = (
				A08DB1E5188A93AF005539B9 /* iOSSampleApp */,
				A08DB207188A93AF005539B9 /* iOSSampleAppTests */,
				A08DB1DE188A93AF005539B9 /* Frameworks */,
				A08DB1DD188A93AF005539B9 /* Products */,
			);
			sourceTree = "<group>";
		};
		A08DB1DD188A93AF005539B9 /* Products */ = {
			isa = PBXGroup;
			children = (
				A08DB1DC188A93AF005539B9 /* iOSSampleApp.app */,
				A08DB200188A93AF005539B9 /* iOSSampleAppTests.xctest */,
			);
			name = Products;
			sourceTree = "<group>";
		};
		A08DB1DE188A93AF005539B9 /* Frameworks */ = {
			isa = PBXGroup;
			children = (
				A08DB1DF188A93AF005539B9 /* Foundation.framework */,
				A08DB1E1188A93AF005539B9 /* CoreGraphics.framework */,
				A08DB1E3188A93AF005539B9 /* UIKit.framework */,
				A08DB201188A93AF005539B9 /* XCTest.framework */,
			);
			name = Frameworks;
			sourceTree = "<group>";
		};
		A08DB1E5188A93AF005539B9 /* iOSSampleApp */ = {
			isa = PBXGroup;
			children = (
				A08DB1EE188A93AF005539B9 /* IOSAppDelegate.h */,
				A08DB1EF188A93AF005539B9 /* IOSAppDelegate.m */,
				A08DB1F1188A93AF005539B9 /* Main_iPhone.storyboard */,
				A08DB1F4188A93AF005539B9 /* Main_iPad.storyboard */,
				A08DB1F7188A93AF005539B9 /* IOSViewController.h */,
				A08DB1F8188A93AF005539B9 /* IOSViewController.m */,
				A08DB1FA188A93AF005539B9 /* Images.xcassets */,
				A08DB1E6188A93AF005539B9 /* Supporting Files */,
			);
			path = iOSSampleApp;
			sourceTree = "<group>";
		};
		A08DB1E6188A93AF005539B9 /* Supporting Files */ = {
			isa = PBXGroup;
			children = (
				A08DB1E7188A93AF005539B9 /* iOSSampleApp-Info.plist */,
				A08DB1E8188A93AF005539B9 /* InfoPlist.strings */,
				A08DB1EB188A93AF005539B9 /* main.m */,
				A08DB1ED188A93AF005539B9 /* iOSSampleApp-Prefix.pch */,
			);
			name = "Supporting Files";
			sourceTree = "<group>";
		};
		A08DB207188A93AF005539B9 /* iOSSampleAppTests */ = {
			isa = PBXGroup;
			children = (
				A08DB20D188A93AF005539B9 /* iOSSampleAppTests.m */,
				A08DB208188A93AF005539B9 /* Supporting Files */,
			);
			path = iOSSampleAppTests;
			sourceTree = "<group>";
		};
		A08DB208188A93AF005539B9 /* Supporting Files */ = {
			isa = PBXGroup;
			children = (
				A08DB209188A93AF005539B9 /* iOSSampleAppTests-Info.plist */,
				A08DB20A188A93AF005539B9 /* InfoPlist.strings */,
			);
			name = "Supporting Files";
			sourceTree = "<group>";
		};
/* End PBXGroup section */

/* Begin PBXNativeTarget section */
		A08DB1DB188A93AF005539B9 /* iOSSampleApp */ = {
			isa = PBXNativeTarget;
			buildConfigurationList = A08DB211188A93AF005539B9 /* Build configuration list for PBXNativeTarget "iOSSampleApp" */;
			buildPhases = (
				A08DB1D8188A93AF005539B9 /* Sources */,
				A08DB1D9188A93AF005539B9 /* Frameworks */,
				A08DB1DA188A93AF005539B9 /* Resources */,
			);
			buildRules = (
			);
			dependencies = (
			);
			name = iOSSampleApp;
			productName = iOSSampleApp;
			productReference = A08DB1DC188A93AF005539B9 /* iOSSampleApp.app */;
			productType = "com.apple.product-type.application";
		};
		A08DB1FF188A93AF005539B9 /* iOSSampleAppTests */ = {
			isa = PBXNativeTarget;
			buildConfigurationList = A08DB214188A93AF005539B9 /* Build configuration list for PBXNativeTarget "iOSSampleAppTests" */;
			buildPhases = (
				A08DB1FC188A93AF005539B9 /* Sources */,
				A08DB1FD188A93AF005539B9 /* Frameworks */,
				A08DB1FE188A93AF005539B9 /* Resources */,
			);
			buildRules = (
			);
			dependencies = (
				A08DB206188A93AF005539B9 /* PBXTargetDependency */,
			);
			name = iOSSampleAppTests;
			productName = iOSSampleAppTests;
			productReference = A08DB200188A93AF005539B9 /* iOSSampleAppTests.xctest */;
			productType = "com.apple.product-type.bundle.unit-test";
		};
/* End PBXNativeTarget section */

/* Begin PBXProject section */
		A08DB1D4188A93AF005539B9 /* Project object */ = {
			isa = PBXProject;
			attributes = {
				CLASSPREFIX = IOS;
				LastUpgradeCheck = 0500;
				ORGANIZATIONNAME = yumulab;
				TargetAttributes = {
					A08DB1FF188A93AF005539B9 = {
						TestTargetID = A08DB1DB188A93AF005539B9;
					};
				};
			};
			buildConfigurationList = A08DB1D7188A93AF005539B9 /* Build configuration list for PBXProject "iOSSampleApp" */;
			compatibilityVersion = "Xcode 3.2";
			developmentRegion = English;
			hasScannedForEncodings = 0;
			knownRegions = (
				en,
				Base,
			);
			mainGroup = A08DB1D3188A93AF005539B9;
			productRefGroup = A08DB1DD188A93AF005539B9 /* Products */;
			projectDirPath = "";
			projectRoot = "";
			targets = (
				A08DB1DB188A93AF005539B9 /* iOSSampleApp */,
				A08DB1FF188A93AF005539B9 /* iOSSampleAppTests */,
			);
		};
/* End PBXProject section */

/* Begin PBXResourcesBuildPhase section */
		A08DB1DA188A93AF005539B9 /* Resources */ = {
			isa = PBXResourcesBuildPhase;
			buildActionMask = 2147483647;
			files = (
				A08DB1F6188A93AF005539B9 /* Main_iPad.storyboard in Resources */,
				A08DB1FB188A93AF005539B9 /* Images.xcassets in Resources */,
				A08DB1F3188A93AF005539B9 /* Main_iPhone.storyboard in Resources */,
				A08DB1EA188A93AF005539B9 /* InfoPlist.strings in Resources */,
			);
			runOnlyForDeploymentPostprocessing = 0;
		};
		A08DB1FE188A93AF005539B9 /* Resources */ = {
			isa = PBXResourcesBuildPhase;
			buildActionMask = 2147483647;
			files = (
				A08DB20C188A93AF005539B9 /* InfoPlist.strings in Resources */,
			);
			runOnlyForDeploymentPostprocessing = 0;
		};
/* End PBXResourcesBuildPhase section */

/* Begin PBXSourcesBuildPhase section */
		A08DB1D8188A93AF005539B9 /* Sources */ = {
			isa = PBXSourcesBuildPhase;
			buildActionMask = 2147483647;
			files = (
				A08DB1F0188A93AF005539B9 /* IOSAppDelegate.m in Sources */,
				A08DB1F9188A93AF005539B9 /* IOSViewController.m in Sources */,
				A08DB1EC188A93AF005539B9 /* main.m in Sources */,
			);
			runOnlyForDeploymentPostprocessing = 0;
		};
		A08DB1FC188A93AF005539B9 /* Sources */ = {
			isa = PBXSourcesBuildPhase;
			buildActionMask = 2147483647;
			files = (
				A08DB20E188A93AF005539B9 /* iOSSampleAppTests.m in Sources */,
			);
			runOnlyForDeploymentPostprocessing = 0;
		};
/* End PBXSourcesBuildPhase section */

/* Begin PBXTargetDependency section */
		A08DB206188A93AF005539B9 /* PBXTargetDependency */ = {
			isa = PBXTargetDependency;
			target = A08DB1DB188A93AF005539B9 /* iOSSampleApp */;
			targetProxy = A08DB205188A93AF005539B9 /* PBXContainerItemProxy */;
		};
/* End PBXTargetDependency section */

/* Begin PBXVariantGroup section */
		A08DB1E8188A93AF005539B9 /* InfoPlist.strings */ = {
			isa = PBXVariantGroup;
			children = (
				A08DB1E9188A93AF005539B9 /* en */,
			);
			name = InfoPlist.strings;
			sourceTree = "<group>";
		};
		A08DB1F1188A93AF005539B9 /* Main_iPhone.storyboard */ = {
			isa = PBXVariantGroup;
			children = (
				A08DB1F2188A93AF005539B9 /* Base */,
			);
			name = Main_iPhone.storyboard;
			sourceTree = "<group>";
		};
		A08DB1F4188A93AF005539B9 /* Main_iPad.storyboard */ = {
			isa = PBXVariantGroup;
			children = (
				A08DB1F5188A93AF005539B9 /* Base */,
			);
			name = Main_iPad.storyboard;
			sourceTree = "<group>";
		};
		A08DB20A188A93AF005539B9 /* InfoPlist.strings */ = {
			isa = PBXVariantGroup;
			children = (
				A08DB20B188A93AF005539B9 /* en */,
			);
			name = InfoPlist.strings;
			sourceTree = "<group>";
		};
/* End PBXVariantGroup section */

/* Begin XCBuildConfiguration section */
		A08DB20F188A93AF005539B9 /* Debug */ = {
			isa = XCBuildConfiguration;
			buildSettings = {
				ALWAYS_SEARCH_USER_PATHS = NO;
				ARCHS = "$(ARCHS_STANDARD_INCLUDING_64_BIT)";
				CLANG_CXX_LANGUAGE_STANDARD = "gnu++0x";
				CLANG_CXX_LIBRARY = "libc++";
				CLANG_ENABLE_MODULES = YES;
				CLANG_ENABLE_OBJC_ARC = YES;
				CLANG_WARN_BOOL_CONVERSION = YES;
				CLANG_WARN_CONSTANT_CONVERSION = YES;
				CLANG_WARN_DIRECT_OBJC_ISA_USAGE = YES_ERROR;
				CLANG_WARN_EMPTY_BODY = YES;
				CLANG_WARN_ENUM_CONVERSION = YES;
				CLANG_WARN_INT_CONVERSION = YES;
				CLANG_WARN_OBJC_ROOT_CLASS = YES_ERROR;
				CLANG_WARN__DUPLICATE_METHOD_MATCH = YES;
				"CODE_SIGN_IDENTITY[sdk=iphoneos*]" = "iPhone Developer";
				COPY_PHASE_STRIP = NO;
				GCC_C_LANGUAGE_STANDARD = gnu99;
				GCC_DYNAMIC_NO_PIC = NO;
				GCC_OPTIMIZATION_LEVEL = 0;
				GCC_PREPROCESSOR_DEFINITIONS = (
					"DEBUG=1",
					"$(inherited)",
				);
				GCC_SYMBOLS_PRIVATE_EXTERN = NO;
				GCC_WARN_64_TO_32_BIT_CONVERSION = YES;
				GCC_WARN_ABOUT_RETURN_TYPE = YES_ERROR;
				GCC_WARN_UNDECLARED_SELECTOR = YES;
				GCC_WARN_UNINITIALIZED_AUTOS = YES;
				GCC_WARN_UNUSED_FUNCTION = YES;
				GCC_WARN_UNUSED_VARIABLE = YES;
				IPHONEOS_DEPLOYMENT_TARGET = 7.0;
				ONLY_ACTIVE_ARCH = YES;
				SDKROOT = iphoneos;
				TARGETED_DEVICE_FAMILY = "1,2";
			};
			name = Debug;
		};
		A08DB210188A93AF005539B9 /* Release */ = {
			isa = XCBuildConfiguration;
			buildSettings = {
				ALWAYS_SEARCH_USER_PATHS = NO;
				ARCHS = "$(ARCHS_STANDARD_INCLUDING_64_BIT)";
				CLANG_CXX_LANGUAGE_STANDARD = "gnu++0x";
				CLANG_CXX_LIBRARY = "libc++";
				CLANG_ENABLE_MODULES = YES;
				CLANG_ENABLE_OBJC_ARC = YES;
				CLANG_WARN_BOOL_CONVERSION = YES;
				CLANG_WARN_CONSTANT_CONVERSION = YES;
				CLANG_WARN_DIRECT_OBJC_ISA_USAGE = YES_ERROR;
				CLANG_WARN_EMPTY_BODY = YES;
				CLANG_WARN_ENUM_CONVERSION = YES;
				CLANG_WARN_INT_CONVERSION = YES;
				CLANG_WARN_OBJC_ROOT_CLASS = YES_ERROR;
				CLANG_WARN__DUPLICATE_METHOD_MATCH = YES;
				"CODE_SIGN_IDENTITY[sdk=iphoneos*]" = "iPhone Developer";
				COPY_PHASE_STRIP = YES;
				ENABLE_NS_ASSERTIONS = NO;
				GCC_C_LANGUAGE_STANDARD = gnu99;
				GCC_WARN_64_TO_32_BIT_CONVERSION = YES;
				GCC_WARN_ABOUT_RETURN_TYPE = YES_ERROR;
				GCC_WARN_UNDECLARED_SELECTOR = YES;
				GCC_WARN_UNINITIALIZED_AUTOS = YES;
				GCC_WARN_UNUSED_FUNCTION = YES;
				GCC_WARN_UNUSED_VARIABLE = YES;
				IPHONEOS_DEPLOYMENT_TARGET = 7.0;
				SDKROOT = iphoneos;
				TARGETED_DEVICE_FAMILY = "1,2";
				VALIDATE_PRODUCT = YES;
			};
			name = Release;
		};
		A08DB212188A93AF005539B9 /* Debug */ = {
			isa = XCBuildConfiguration;
			buildSettings = {
				ASSETCATALOG_COMPILER_APPICON_NAME = AppIcon;
				ASSETCATALOG_COMPILER_LAUNCHIMAGE_NAME = LaunchImage;
				GCC_PRECOMPILE_PREFIX_HEADER = YES;
				GCC_PREFIX_HEADER = "iOSSampleApp/iOSSampleApp-Prefix.pch";
				INFOPLIST_FILE = "iOSSampleApp/iOSSampleApp-Info.plist";
				PRODUCT_NAME = "$(TARGET_NAME)";
				WRAPPER_EXTENSION = app;
			};
			name = Debug;
		};
		A08DB213188A93AF005539B9 /* Release */ = {
			isa = XCBuildConfiguration;
			buildSettings = {
				ASSETCATALOG_COMPILER_APPICON_NAME = AppIcon;
				ASSETCATALOG_COMPILER_LAUNCHIMAGE_NAME = LaunchImage;
				GCC_PRECOMPILE_PREFIX_HEADER = YES;
				GCC_PREFIX_HEADER = "iOSSampleApp/iOSSampleApp-Prefix.pch";
				INFOPLIST_FILE = "iOSSampleApp/iOSSampleApp-Info.plist";
				PRODUCT_NAME = "$(TARGET_NAME)";
				WRAPPER_EXTENSION = app;
			};
			name = Release;
		};
		A08DB215188A93AF005539B9 /* Debug */ = {
			isa = XCBuildConfiguration;
			buildSettings = {
				ARCHS = "$(ARCHS_STANDARD_INCLUDING_64_BIT)";
				BUNDLE_LOADER = "$(BUILT_PRODUCTS_DIR)/iOSSampleApp.app/iOSSampleApp";
				FRAMEWORK_SEARCH_PATHS = (
					"$(SDKROOT)/Developer/Library/Frameworks",
					"$(inherited)",
					"$(DEVELOPER_FRAMEWORKS_DIR)",
				);
				GCC_PRECOMPILE_PREFIX_HEADER = YES;
				GCC_PREFIX_HEADER = "iOSSampleApp/iOSSampleApp-Prefix.pch";
				GCC_PREPROCESSOR_DEFINITIONS = (
					"DEBUG=1",
					"$(inherited)",
				);
				INFOPLIST_FILE = "iOSSampleAppTests/iOSSampleAppTests-Info.plist";
				PRODUCT_NAME = "$(TARGET_NAME)";
				TEST_HOST = "$(BUNDLE_LOADER)";
				WRAPPER_EXTENSION = xctest;
			};
			name = Debug;
		};
		A08DB216188A93AF005539B9 /* Release */ = {
			isa = XCBuildConfiguration;
			buildSettings = {
				ARCHS = "$(ARCHS_STANDARD_INCLUDING_64_BIT)";
				BUNDLE_LOADER = "$(BUILT_PRODUCTS_DIR)/iOSSampleApp.app/iOSSampleApp";
				FRAMEWORK_SEARCH_PATHS = (
					"$(SDKROOT)/Developer/Library/Frameworks",
					"$(inherited)",
					"$(DEVELOPER_FRAMEWORKS_DIR)",
				);
				GCC_PRECOMPILE_PREFIX_HEADER = YES;
				GCC_PREFIX_HEADER = "iOSSampleApp/iOSSampleApp-Prefix.pch";
				INFOPLIST_FILE = "iOSSampleAppTests/iOSSampleAppTests-Info.plist";
				PRODUCT_NAME = "$(TARGET_NAME)";
				TEST_HOST = "$(BUNDLE_LOADER)";
				WRAPPER_EXTENSION = xctest;
			};
			name = Release;
		};
/* End XCBuildConfiguration section */

/* Begin XCConfigurationList section */
		A08DB1D7188A93AF005539B9 /* Build configuration list for PBXProject "iOSSampleApp" */ = {
			isa = XCConfigurationList;
			buildConfigurations = (
				A08DB20F188A93AF005539B9 /* Debug */,
				A08DB210188A93AF005539B9 /* Release */,
			);
			defaultConfigurationIsVisible = 0;
			defaultConfigurationName = Release;
		};
		A08DB211188A93AF005539B9 /* Build configuration list for PBXNativeTarget "iOSSampleApp" */ = {
			isa = XCConfigurationList;
			buildConfigurations = (
				A08DB212188A93AF005539B9 /* Debug */,
				A08DB213188A93AF005539B9 /* Release */,
			);
			defaultConfigurationIsVisible = 0;
		};
		A08DB214188A93AF005539B9 /* Build configuration list for PBXNativeTarget "iOSSampleAppTests" */ = {
			isa = XCConfigurationList;
			buildConfigurations = (
				A08DB215188A93AF005539B9 /* Debug */,
				A08DB216188A93AF005539B9 /* Release */,
			);
			defaultConfigurationIsVisible = 0;
		};
/* End XCConfigurationList section */
	};
	rootObject = A08DB1D4188A93AF005539B9 /* Project object */;
}
